
Microsoft Visual Studio Solution File, Format Version 12.00
Project("{2150E333-8FDC-42A3-9474-1A3956D46DE8}") = "Core", "Core", "{18451B2C-CB83-4798-A790-973DFB18DEB6}"
EndProject
Project("{FAE04EC0-301F-11D3-BF4B-00C04F79EFBC}") = "Core.Domain", "Core.Domain\Core.Domain.csproj", "{548EE600-E1B8-4638-B650-99910633043B}"
EndProject
Project("{FAE04EC0-301F-11D3-BF4B-00C04F79EFBC}") = "Core.Application", "Core.Application\Core.Application.csproj", "{154E4075-12BA-4D45-ACFB-1BA0F2471C7F}"
EndProject
Project("{2150E333-8FDC-42A3-9474-1A3956D46DE8}") = "Web", "Web", "{C9FCD130-8A6D-48D3-8E56-846E8717DDFD}"
EndProject
Project("{FAE04EC0-301F-11D3-BF4B-00C04F79EFBC}") = "Web.Api", "Web.Api\Web.Api.csproj", "{555E4385-3025-4718-985A-750B912F81A9}"
EndProject
Project("{2150E333-8FDC-42A3-9474-1A3956D46DE8}") = "Source", "Source", "{6C3620C0-4A76-4F83-8578-5E848115FD52}"
EndProject
Project("{2150E333-8FDC-42A3-9474-1A3956D46DE8}") = "Tests", "Tests", "{FCBE7407-67DA-4AB0-9947-93A462C3486C}"
EndProject
Project("{FAE04EC0-301F-11D3-BF4B-00C04F79EFBC}") = "Tests.Unit", "Tests.Unit\Tests.Unit.csproj", "{09492D6E-1840-40F1-AC1D-BC3DCECB6AE5}"
EndProject
Project("{2150E333-8FDC-42A3-9474-1A3956D46DE8}") = "Infrastructure", "Infrastructure", "{225427FC-9FD9-40C9-945E-84961D475DFE}"
EndProject
Project("{FAE04EC0-301F-11D3-BF4B-00C04F79EFBC}") = "Infrastructure.Persistence", "Infrastructure.Persistence\Infrastructure.Persistence.csproj", "{E7BF1DAB-B765-4733-AE59-0EF6744330FB}"
EndProject
Global
	GlobalSection(SolutionConfigurationPlatforms) = preSolution
		Debug|Any CPU = Debug|Any CPU
		Release|Any CPU = Release|Any CPU
	EndGlobalSection
	GlobalSection(NestedProjects) = preSolution
		{548EE600-E1B8-4638-B650-99910633043B} = {18451B2C-CB83-4798-A790-973DFB18DEB6}
		{154E4075-12BA-4D45-ACFB-1BA0F2471C7F} = {18451B2C-CB83-4798-A790-973DFB18DEB6}
		{555E4385-3025-4718-985A-750B912F81A9} = {C9FCD130-8A6D-48D3-8E56-846E8717DDFD}
		{18451B2C-CB83-4798-A790-973DFB18DEB6} = {6C3620C0-4A76-4F83-8578-5E848115FD52}
		{C9FCD130-8A6D-48D3-8E56-846E8717DDFD} = {6C3620C0-4A76-4F83-8578-5E848115FD52}
		{09492D6E-1840-40F1-AC1D-BC3DCECB6AE5} = {FCBE7407-67DA-4AB0-9947-93A462C3486C}
		{225427FC-9FD9-40C9-945E-84961D475DFE} = {6C3620C0-4A76-4F83-8578-5E848115FD52}
		{E7BF1DAB-B765-4733-AE59-0EF6744330FB} = {225427FC-9FD9-40C9-945E-84961D475DFE}
	EndGlobalSection
	GlobalSection(ProjectConfigurationPlatforms) = postSolution
		{548EE600-E1B8-4638-B650-99910633043B}.Debug|Any CPU.ActiveCfg = Debug|Any CPU
		{548EE600-E1B8-4638-B650-99910633043B}.Debug|Any CPU.Build.0 = Debug|Any CPU
		{548EE600-E1B8-4638-B650-99910633043B}.Release|Any CPU.ActiveCfg = Release|Any CPU
		{548EE600-E1B8-4638-B650-99910633043B}.Release|Any CPU.Build.0 = Release|Any CPU
		{154E4075-12BA-4D45-ACFB-1BA0F2471C7F}.Debug|Any CPU.ActiveCfg = Debug|Any CPU
		{154E4075-12BA-4D45-ACFB-1BA0F2471C7F}.Debug|Any CPU.Build.0 = Debug|Any CPU
		{154E4075-12BA-4D45-ACFB-1BA0F2471C7F}.Release|Any CPU.ActiveCfg = Release|Any CPU
		{154E4075-12BA-4D45-ACFB-1BA0F2471C7F}.Release|Any CPU.Build.0 = Release|Any CPU
		{555E4385-3025-4718-985A-750B912F81A9}.Debug|Any CPU.ActiveCfg = Debug|Any CPU
		{555E4385-3025-4718-985A-750B912F81A9}.Debug|Any CPU.Build.0 = Debug|Any CPU
		{555E4385-3025-4718-985A-750B912F81A9}.Release|Any CPU.ActiveCfg = Release|Any CPU
		{555E4385-3025-4718-985A-750B912F81A9}.Release|Any CPU.Build.0 = Release|Any CPU
		{09492D6E-1840-40F1-AC1D-BC3DCECB6AE5}.Debug|Any CPU.ActiveCfg = Debug|Any CPU
		{09492D6E-1840-40F1-AC1D-BC3DCECB6AE5}.Debug|Any CPU.Build.0 = Debug|Any CPU
		{09492D6E-1840-40F1-AC1D-BC3DCECB6AE5}.Release|Any CPU.ActiveCfg = Release|Any CPU
		{09492D6E-1840-40F1-AC1D-BC3DCECB6AE5}.Release|Any CPU.Build.0 = Release|Any CPU
		{E7BF1DAB-B765-4733-AE59-0EF6744330FB}.Debug|Any CPU.ActiveCfg = Debug|Any CPU
		{E7BF1DAB-B765-4733-AE59-0EF6744330FB}.Debug|Any CPU.Build.0 = Debug|Any CPU
		{E7BF1DAB-B765-4733-AE59-0EF6744330FB}.Release|Any CPU.ActiveCfg = Release|Any CPU
		{E7BF1DAB-B765-4733-AE59-0EF6744330FB}.Release|Any CPU.Build.0 = Release|Any CPU
	EndGlobalSection
EndGlobal
